// !$*UTF8*$!
{
	archiveVersion = 1;
	classes = {
	};
	objectVersion = 46;
	objects = {

/* Begin PBXBuildFile section */
		8880BE351517CC2C007F0A84 /* UIKit.framework in Frameworks */ = {isa = PBXBuildFile; fileRef = 8880BE341517CC2C007F0A84 /* UIKit.framework */; };
		8880BE371517CC2C007F0A84 /* Foundation.framework in Frameworks */ = {isa = PBXBuildFile; fileRef = 8880BE361517CC2C007F0A84 /* Foundation.framework */; };
		8880BE391517CC2C007F0A84 /* CoreGraphics.framework in Frameworks */ = {isa = PBXBuildFile; fileRef = 8880BE381517CC2C007F0A84 /* CoreGraphics.framework */; };
		8880BE3F1517CC2C007F0A84 /* InfoPlist.strings in Resources */ = {isa = PBXBuildFile; fileRef = 8880BE3D1517CC2C007F0A84 /* InfoPlist.strings */; };
		8880BE411517CC2C007F0A84 /* main.m in Sources */ = {isa = PBXBuildFile; fileRef = 8880BE401517CC2C007F0A84 /* main.m */; };
		8880BE451517CC2C007F0A84 /* AppDelegate.m in Sources */ = {isa = PBXBuildFile; fileRef = 8880BE441517CC2C007F0A84 /* AppDelegate.m */; };
		88DDE9D61517D27500FBBD82 /* libRestKit.a in Frameworks */ = {isa = PBXBuildFile; fileRef = 88DDE9CD1517D1D800FBBD82 /* libRestKit.a */; };
		88DDE9D81517D29700FBBD82 /* CFNetwork.framework in Frameworks */ = {isa = PBXBuildFile; fileRef = 88DDE9D71517D29700FBBD82 /* CFNetwork.framework */; };
		88DDE9DA1517D2A500FBBD82 /* CoreData.framework in Frameworks */ = {isa = PBXBuildFile; fileRef = 88DDE9D91517D2A500FBBD82 /* CoreData.framework */; };
		88DDE9DC1517D2AF00FBBD82 /* MobileCoreServices.framework in Frameworks */ = {isa = PBXBuildFile; fileRef = 88DDE9DB1517D2AF00FBBD82 /* MobileCoreServices.framework */; };
		88DDE9DE1517D2B900FBBD82 /* Security.framework in Frameworks */ = {isa = PBXBuildFile; fileRef = 88DDE9DD1517D2B900FBBD82 /* Security.framework */; };
		88DDE9E01517D2C300FBBD82 /* SystemConfiguration.framework in Frameworks */ = {isa = PBXBuildFile; fileRef = 88DDE9DF1517D2C300FBBD82 /* SystemConfiguration.framework */; };
		88DDE9E21517D2CA00FBBD82 /* QuartzCore.framework in Frameworks */ = {isa = PBXBuildFile; fileRef = 88DDE9E11517D2CA00FBBD82 /* QuartzCore.framework */; };
		88DDE9E41517D2D800FBBD82 /* libxml2.dylib in Frameworks */ = {isa = PBXBuildFile; fileRef = 88DDE9E31517D2D800FBBD82 /* libxml2.dylib */; };
/* End PBXBuildFile section */

/* Begin PBXContainerItemProxy section */
		88DDE9CC1517D1D800FBBD82 /* PBXContainerItemProxy */ = {
			isa = PBXContainerItemProxy;
			containerPortal = 88DDE9C21517D1D800FBBD82 /* RestKit.xcodeproj */;
			proxyType = 2;
			remoteGlobalIDString = 25160D1614564E810060A5C5;
			remoteInfo = RestKit;
		};
		88DDE9CE1517D1D800FBBD82 /* PBXContainerItemProxy */ = {
			isa = PBXContainerItemProxy;
			containerPortal = 88DDE9C21517D1D800FBBD82 /* RestKit.xcodeproj */;
			proxyType = 2;
			remoteGlobalIDString = 25160D2614564E820060A5C5;
			remoteInfo = RestKitTests;
		};
		88DDE9D01517D1D800FBBD82 /* PBXContainerItemProxy */ = {
			isa = PBXContainerItemProxy;
			containerPortal = 88DDE9C21517D1D800FBBD82 /* RestKit.xcodeproj */;
			proxyType = 2;
			remoteGlobalIDString = 25160E62145651060060A5C5;
			remoteInfo = RestKitFramework;
		};
		88DDE9D21517D1D800FBBD82 /* PBXContainerItemProxy */ = {
			isa = PBXContainerItemProxy;
			containerPortal = 88DDE9C21517D1D800FBBD82 /* RestKit.xcodeproj */;
			proxyType = 2;
			remoteGlobalIDString = 25160E78145651060060A5C5;
			remoteInfo = RestKitFrameworkTests;
		};
		88DDE9D41517D25600FBBD82 /* PBXContainerItemProxy */ = {
			isa = PBXContainerItemProxy;
			containerPortal = 88DDE9C21517D1D800FBBD82 /* RestKit.xcodeproj */;
			proxyType = 1;
			remoteGlobalIDString = 25160D1514564E810060A5C5;
			remoteInfo = RestKit;
		};
/* End PBXContainerItemProxy section */

/* Begin PBXFileReference section */
		8880BE301517CC2C007F0A84 /* GitBrowser.app */ = {isa = PBXFileReference; explicitFileType = wrapper.application; includeInIndex = 0; path = GitBrowser.app; sourceTree = BUILT_PRODUCTS_DIR; };
		8880BE341517CC2C007F0A84 /* UIKit.framework */ = {isa = PBXFileReference; lastKnownFileType = wrapper.framework; name = UIKit.framework; path = System/Library/Frameworks/UIKit.framework; sourceTree = SDKROOT; };
		8880BE361517CC2C007F0A84 /* Foundation.framework */ = {isa = PBXFileReference; lastKnownFileType = wrapper.framework; name = Foundation.framework; path = System/Library/Frameworks/Foundation.framework; sourceTree = SDKROOT; };
		8880BE381517CC2C007F0A84 /* CoreGraphics.framework */ = {isa = PBXFileReference; lastKnownFileType = wrapper.framework; name = CoreGraphics.framework; path = System/Library/Frameworks/CoreGraphics.framework; sourceTree = SDKROOT; };
		8880BE3C1517CC2C007F0A84 /* GitBrowser-Info.plist */ = {isa = PBXFileReference; lastKnownFileType = text.plist.xml; path = "GitBrowser-Info.plist"; sourceTree = "<group>"; };
		8880BE3E1517CC2C007F0A84 /* en */ = {isa = PBXFileReference; lastKnownFileType = text.plist.strings; name = en; path = en.lproj/InfoPlist.strings; sourceTree = "<group>"; };
		8880BE401517CC2C007F0A84 /* main.m */ = {isa = PBXFileReference; lastKnownFileType = sourcecode.c.objc; path = main.m; sourceTree = "<group>"; };
		8880BE421517CC2C007F0A84 /* GitBrowser-Prefix.pch */ = {isa = PBXFileReference; lastKnownFileType = sourcecode.c.h; path = "GitBrowser-Prefix.pch"; sourceTree = "<group>"; };
		8880BE431517CC2C007F0A84 /* AppDelegate.h */ = {isa = PBXFileReference; lastKnownFileType = sourcecode.c.h; path = AppDelegate.h; sourceTree = "<group>"; };
		8880BE441517CC2C007F0A84 /* AppDelegate.m */ = {isa = PBXFileReference; lastKnownFileType = sourcecode.c.objc; path = AppDelegate.m; sourceTree = "<group>"; };
		88DDE9C21517D1D800FBBD82 /* RestKit.xcodeproj */ = {isa = PBXFileReference; lastKnownFileType = "wrapper.pb-project"; name = RestKit.xcodeproj; path = Vendor/RestKit/RestKit.xcodeproj; sourceTree = "<group>"; };
		88DDE9D71517D29700FBBD82 /* CFNetwork.framework */ = {isa = PBXFileReference; lastKnownFileType = wrapper.framework; name = CFNetwork.framework; path = System/Library/Frameworks/CFNetwork.framework; sourceTree = SDKROOT; };
		88DDE9D91517D2A500FBBD82 /* CoreData.framework */ = {isa = PBXFileReference; lastKnownFileType = wrapper.framework; name = CoreData.framework; path = System/Library/Frameworks/CoreData.framework; sourceTree = SDKROOT; };
		88DDE9DB1517D2AF00FBBD82 /* MobileCoreServices.framework */ = {isa = PBXFileReference; lastKnownFileType = wrapper.framework; name = MobileCoreServices.framework; path = System/Library/Frameworks/MobileCoreServices.framework; sourceTree = SDKROOT; };
		88DDE9DD1517D2B900FBBD82 /* Security.framework */ = {isa = PBXFileReference; lastKnownFileType = wrapper.framework; name = Security.framework; path = System/Library/Frameworks/Security.framework; sourceTree = SDKROOT; };
		88DDE9DF1517D2C300FBBD82 /* SystemConfiguration.framework */ = {isa = PBXFileReference; lastKnownFileType = wrapper.framework; name = SystemConfiguration.framework; path = System/Library/Frameworks/SystemConfiguration.framework; sourceTree = SDKROOT; };
		88DDE9E11517D2CA00FBBD82 /* QuartzCore.framework */ = {isa = PBXFileReference; lastKnownFileType = wrapper.framework; name = QuartzCore.framework; path = System/Library/Frameworks/QuartzCore.framework; sourceTree = SDKROOT; };
		88DDE9E31517D2D800FBBD82 /* libxml2.dylib */ = {isa = PBXFileReference; lastKnownFileType = "compiled.mach-o.dylib"; name = libxml2.dylib; path = usr/lib/libxml2.dylib; sourceTree = SDKROOT; };
/* End PBXFileReference section */

/* Begin PBXFrameworksBuildPhase section */
		8880BE2D1517CC2C007F0A84 /* Frameworks */ = {
			isa = PBXFrameworksBuildPhase;
			buildActionMask = 2147483647;
			files = (
				88DDE9E41517D2D800FBBD82 /* libxml2.dylib in Frameworks */,
				88DDE9E21517D2CA00FBBD82 /* QuartzCore.framework in Frameworks */,
				88DDE9E01517D2C300FBBD82 /* SystemConfiguration.framework in Frameworks */,
				88DDE9DE1517D2B900FBBD82 /* Security.framework in Frameworks */,
				88DDE9DC1517D2AF00FBBD82 /* MobileCoreServices.framework in Frameworks */,
				88DDE9DA1517D2A500FBBD82 /* CoreData.framework in Frameworks */,
				88DDE9D81517D29700FBBD82 /* CFNetwork.framework in Frameworks */,
				88DDE9D61517D27500FBBD82 /* libRestKit.a in Frameworks */,
				8880BE351517CC2C007F0A84 /* UIKit.framework in Frameworks */,
				8880BE371517CC2C007F0A84 /* Foundation.framework in Frameworks */,
				8880BE391517CC2C007F0A84 /* CoreGraphics.framework in Frameworks */,
			);
			runOnlyForDeploymentPostprocessing = 0;
		};
/* End PBXFrameworksBuildPhase section */

/* Begin PBXGroup section */
		8880BE251517CC2C007F0A84 = {
			isa = PBXGroup;
			children = (
				88DDE9C21517D1D800FBBD82 /* RestKit.xcodeproj */,
				8880BE3A1517CC2C007F0A84 /* GitBrowser */,
				8880BE331517CC2C007F0A84 /* Frameworks */,
				8880BE311517CC2C007F0A84 /* Products */,
			);
			sourceTree = "<group>";
		};
		8880BE311517CC2C007F0A84 /* Products */ = {
			isa = PBXGroup;
			children = (
				8880BE301517CC2C007F0A84 /* GitBrowser.app */,
			);
			name = Products;
			sourceTree = "<group>";
		};
		8880BE331517CC2C007F0A84 /* Frameworks */ = {
			isa = PBXGroup;
			children = (
				88DDE9E31517D2D800FBBD82 /* libxml2.dylib */,
				88DDE9E11517D2CA00FBBD82 /* QuartzCore.framework */,
				88DDE9DF1517D2C300FBBD82 /* SystemConfiguration.framework */,
				88DDE9DD1517D2B900FBBD82 /* Security.framework */,
				88DDE9DB1517D2AF00FBBD82 /* MobileCoreServices.framework */,
				88DDE9D91517D2A500FBBD82 /* CoreData.framework */,
				88DDE9D71517D29700FBBD82 /* CFNetwork.framework */,
				8880BE341517CC2C007F0A84 /* UIKit.framework */,
				8880BE361517CC2C007F0A84 /* Foundation.framework */,
				8880BE381517CC2C007F0A84 /* CoreGraphics.framework */,
			);
			name = Frameworks;
			sourceTree = "<group>";
		};
		8880BE3A1517CC2C007F0A84 /* GitBrowser */ = {
			isa = PBXGroup;
			children = (
				8880BE431517CC2C007F0A84 /* AppDelegate.h */,
				8880BE441517CC2C007F0A84 /* AppDelegate.m */,
				8880BE3B1517CC2C007F0A84 /* Supporting Files */,
			);
			path = GitBrowser;
			sourceTree = "<group>";
		};
		8880BE3B1517CC2C007F0A84 /* Supporting Files */ = {
			isa = PBXGroup;
			children = (
				8880BE3C1517CC2C007F0A84 /* GitBrowser-Info.plist */,
				8880BE3D1517CC2C007F0A84 /* InfoPlist.strings */,
				8880BE401517CC2C007F0A84 /* main.m */,
				8880BE421517CC2C007F0A84 /* GitBrowser-Prefix.pch */,
			);
			name = "Supporting Files";
			sourceTree = "<group>";
		};
		88DDE9C31517D1D800FBBD82 /* Products */ = {
			isa = PBXGroup;
			children = (
				88DDE9CD1517D1D800FBBD82 /* libRestKit.a */,
				88DDE9CF1517D1D800FBBD82 /* RestKitTests.octest */,
				88DDE9D11517D1D800FBBD82 /* RestKit.framework */,
				88DDE9D31517D1D800FBBD82 /* RestKitFrameworkTests.octest */,
			);
			name = Products;
			sourceTree = "<group>";
		};
/* End PBXGroup section */

/* Begin PBXNativeTarget section */
		8880BE2F1517CC2C007F0A84 /* GitBrowser */ = {
			isa = PBXNativeTarget;
			buildConfigurationList = 8880BE481517CC2C007F0A84 /* Build configuration list for PBXNativeTarget "GitBrowser" */;
			buildPhases = (
				8880BE2C1517CC2C007F0A84 /* Sources */,
				8880BE2D1517CC2C007F0A84 /* Frameworks */,
				8880BE2E1517CC2C007F0A84 /* Resources */,
			);
			buildRules = (
			);
			dependencies = (
				88DDE9D51517D25600FBBD82 /* PBXTargetDependency */,
			);
			name = GitBrowser;
			productName = GitBrowser;
			productReference = 8880BE301517CC2C007F0A84 /* GitBrowser.app */;
			productType = "com.apple.product-type.application";
		};
/* End PBXNativeTarget section */

/* Begin PBXProject section */
		8880BE271517CC2C007F0A84 /* Project object */ = {
			isa = PBXProject;
			attributes = {
				LastUpgradeCheck = 0430;
				ORGANIZATIONNAME = peterfriese.de;
			};
			buildConfigurationList = 8880BE2A1517CC2C007F0A84 /* Build configuration list for PBXProject "GitBrowser" */;
			compatibilityVersion = "Xcode 3.2";
			developmentRegion = English;
			hasScannedForEncodings = 0;
			knownRegions = (
				en,
			);
			mainGroup = 8880BE251517CC2C007F0A84;
			productRefGroup = 8880BE311517CC2C007F0A84 /* Products */;
			projectDirPath = "";
			projectReferences = (
				{
					ProductGroup = 88DDE9C31517D1D800FBBD82 /* Products */;
					ProjectRef = 88DDE9C21517D1D800FBBD82 /* RestKit.xcodeproj */;
				},
			);
			projectRoot = "";
			targets = (
				8880BE2F1517CC2C007F0A84 /* GitBrowser */,
			);
		};
/* End PBXProject section */

/* Begin PBXReferenceProxy section */
		88DDE9CD1517D1D800FBBD82 /* libRestKit.a */ = {
			isa = PBXReferenceProxy;
			fileType = archive.ar;
			path = libRestKit.a;
			remoteRef = 88DDE9CC1517D1D800FBBD82 /* PBXContainerItemProxy */;
			sourceTree = BUILT_PRODUCTS_DIR;
		};
		88DDE9CF1517D1D800FBBD82 /* RestKitTests.octest */ = {
			isa = PBXReferenceProxy;
			fileType = wrapper.cfbundle;
			path = RestKitTests.octest;
			remoteRef = 88DDE9CE1517D1D800FBBD82 /* PBXContainerItemProxy */;
			sourceTree = BUILT_PRODUCTS_DIR;
		};
		88DDE9D11517D1D800FBBD82 /* RestKit.framework */ = {
			isa = PBXReferenceProxy;
			fileType = wrapper.framework;
			path = RestKit.framework;
			remoteRef = 88DDE9D01517D1D800FBBD82 /* PBXContainerItemProxy */;
			sourceTree = BUILT_PRODUCTS_DIR;
		};
		88DDE9D31517D1D800FBBD82 /* RestKitFrameworkTests.octest */ = {
			isa = PBXReferenceProxy;
			fileType = wrapper.cfbundle;
			path = RestKitFrameworkTests.octest;
			remoteRef = 88DDE9D21517D1D800FBBD82 /* PBXContainerItemProxy */;
			sourceTree = BUILT_PRODUCTS_DIR;
		};
/* End PBXReferenceProxy section */

/* Begin PBXResourcesBuildPhase section */
		8880BE2E1517CC2C007F0A84 /* Resources */ = {
			isa = PBXResourcesBuildPhase;
			buildActionMask = 2147483647;
			files = (
				8880BE3F1517CC2C007F0A84 /* InfoPlist.strings in Resources */,
			);
			runOnlyForDeploymentPostprocessing = 0;
		};
/* End PBXResourcesBuildPhase section */

/* Begin PBXSourcesBuildPhase section */
		8880BE2C1517CC2C007F0A84 /* Sources */ = {
			isa = PBXSourcesBuildPhase;
			buildActionMask = 2147483647;
			files = (
				8880BE411517CC2C007F0A84 /* main.m in Sources */,
				8880BE451517CC2C007F0A84 /* AppDelegate.m in Sources */,
			);
			runOnlyForDeploymentPostprocessing = 0;
		};
/* End PBXSourcesBuildPhase section */

/* Begin PBXTargetDependency section */
		88DDE9D51517D25600FBBD82 /* PBXTargetDependency */ = {
			isa = PBXTargetDependency;
			name = RestKit;
			targetProxy = 88DDE9D41517D25600FBBD82 /* PBXContainerItemProxy */;
		};
/* End PBXTargetDependency section */

/* Begin PBXVariantGroup section */
		8880BE3D1517CC2C007F0A84 /* InfoPlist.strings */ = {
			isa = PBXVariantGroup;
			children = (
				8880BE3E1517CC2C007F0A84 /* en */,
			);
			name = InfoPlist.strings;
			sourceTree = "<group>";
		};
/* End PBXVariantGroup section */

/* Begin XCBuildConfiguration section */
		8880BE461517CC2C007F0A84 /* Debug */ = {
			isa = XCBuildConfiguration;
			buildSettings = {
				ALWAYS_SEARCH_USER_PATHS = NO;
				ARCHS = "$(ARCHS_STANDARD_32_BIT)";
				CLANG_ENABLE_OBJC_ARC = YES;
				"CODE_SIGN_IDENTITY[sdk=iphoneos*]" = "iPhone Developer";
				COPY_PHASE_STRIP = NO;
				GCC_C_LANGUAGE_STANDARD = gnu99;
				GCC_DYNAMIC_NO_PIC = NO;
				GCC_OPTIMIZATION_LEVEL = 0;
				GCC_PREPROCESSOR_DEFINITIONS = (
					"DEBUG=1",
					"$(inherited)",
				);
				GCC_SYMBOLS_PRIVATE_EXTERN = NO;
				GCC_VERSION = com.apple.compilers.llvm.clang.1_0;
				GCC_WARN_ABOUT_RETURN_TYPE = YES;
				GCC_WARN_UNINITIALIZED_AUTOS = YES;
				GCC_WARN_UNUSED_VARIABLE = YES;
				IPHONEOS_DEPLOYMENT_TARGET = 5.1;
				SDKROOT = iphoneos;
			};
			name = Debug;
		};
		8880BE471517CC2C007F0A84 /* Release */ = {
			isa = XCBuildConfiguration;
			buildSettings = {
				ALWAYS_SEARCH_USER_PATHS = NO;
				ARCHS = "$(ARCHS_STANDARD_32_BIT)";
				CLANG_ENABLE_OBJC_ARC = YES;
				"CODE_SIGN_IDENTITY[sdk=iphoneos*]" = "iPhone Developer";
				COPY_PHASE_STRIP = YES;
				GCC_C_LANGUAGE_STANDARD = gnu99;
				GCC_VERSION = com.apple.compilers.llvm.clang.1_0;
				GCC_WARN_ABOUT_RETURN_TYPE = YES;
				GCC_WARN_UNINITIALIZED_AUTOS = YES;
				GCC_WARN_UNUSED_VARIABLE = YES;
				IPHONEOS_DEPLOYMENT_TARGET = 5.1;
				OTHER_CFLAGS = "-DNS_BLOCK_ASSERTIONS=1";
				SDKROOT = iphoneos;
				VALIDATE_PRODUCT = YES;
			};
			name = Release;
		};
		8880BE491517CC2C007F0A84 /* Debug */ = {
			isa = XCBuildConfiguration;
			buildSettings = {
				GCC_PRECOMPILE_PREFIX_HEADER = YES;
				GCC_PREFIX_HEADER = "GitBrowser/GitBrowser-Prefix.pch";
				HEADER_SEARCH_PATHS = "\"$(SOURCE_ROOT)/Vendor/RestKit/Build\"";
				INFOPLIST_FILE = "GitBrowser/GitBrowser-Info.plist";
				OTHER_LDFLAGS = (
					"-ObjC",
					"-all_load",
				);
				PRODUCT_NAME = "$(TARGET_NAME)";
				WRAPPER_EXTENSION = app;
			};
			name = Debug;
		};
		8880BE4A1517CC2C007F0A84 /* Release */ = {
			isa = XCBuildConfiguration;
			buildSettings = {
				GCC_PRECOMPILE_PREFIX_HEADER = YES;
				GCC_PREFIX_HEADER = "GitBrowser/GitBrowser-Prefix.pch";
				HEADER_SEARCH_PATHS = "\"$(SOURCE_ROOT)/Vendor/RestKit/Build\"";
				INFOPLIST_FILE = "GitBrowser/GitBrowser-Info.plist";
				OTHER_LDFLAGS = (
					"-ObjC",
					"-all_load",
				);
				PRODUCT_NAME = "$(TARGET_NAME)";
				WRAPPER_EXTENSION = app;
			};
			name = Release;
		};
/* End XCBuildConfiguration section */

/* Begin XCConfigurationList section */
		8880BE2A1517CC2C007F0A84 /* Build configuration list for PBXProject "GitBrowser" */ = {
			isa = XCConfigurationList;
			buildConfigurations = (
				8880BE461517CC2C007F0A84 /* Debug */,
				8880BE471517CC2C007F0A84 /* Release */,
			);
			defaultConfigurationIsVisible = 0;
			defaultConfigurationName = Release;
		};
		8880BE481517CC2C007F0A84 /* Build configuration list for PBXNativeTarget "GitBrowser" */ = {
			isa = XCConfigurationList;
			buildConfigurations = (
				8880BE491517CC2C007F0A84 /* Debug */,
				8880BE4A1517CC2C007F0A84 /* Release */,
			);
			defaultConfigurationIsVisible = 0;
			defaultConfigurationName = Release;
		};
/* End XCConfigurationList section */
	};
	rootObject = 8880BE271517CC2C007F0A84 /* Project object */;
}
